{
  "name": "hwangosogobchang-renew-main",
  "lockfileVersion": 2,
  "requires": true,
  "packages": {
    "": {
      "dependencies": {
        "linking": "^0.1.0-beta.5"
      }
    },
    "node_modules/linking": {
      "version": "0.1.0-beta.5",
      "resolved": "https://registry.npmjs.org/linking/-/linking-0.1.0-beta.5.tgz",
      "integrity": "sha512-cZhp1E7mnNrsjRcHrRErKvketwuL1ctCbRd64t1981ZuytxJGOq0FuTGKRr8Zm7YSKBrXfDDs9AomBKmf3IGbw=="
    }
  },
  "dependencies": {
    "linking": {
      "version": "0.1.0-beta.5",
      "resolved": "https://registry.npmjs.org/linking/-/linking-0.1.0-beta.5.tgz",
      "integrity": "sha512-cZhp1E7mnNrsjRcHrRErKvketwuL1ctCbRd64t1981ZuytxJGOq0FuTGKRr8Zm7YSKBrXfDDs9AomBKmf3IGbw=="
    }
  }
}
